
Microsoft Visual Studio Solution File, Format Version 12.00
# Visual Studio 15
VisualStudioVersion = 15.0.27703.2000
MinimumVisualStudioVersion = 10.0.40219.1
Project("{FAE04EC0-301F-11D3-BF4B-00C04F79EFBC}") = "TubeServicea.Android", "TubeServicea\TubeServicea.Android\TubeServicea.Android.csproj", "{9601E503-4C4D-4E9D-9147-F49E9E9BF118}"
EndProject
Project("{FAE04EC0-301F-11D3-BF4B-00C04F79EFBC}") = "TubeServicea.iOS", "TubeServicea\TubeServicea.iOS\TubeServicea.iOS.csproj", "{6DD5FE2E-D12D-42E6-A4C8-76FA089AAE74}"
EndProject
Project("{FAE04EC0-301F-11D3-BF4B-00C04F79EFBC}") = "TubeServicea.UWP", "TubeServicea\TubeServicea.UWP\TubeServicea.UWP.csproj", "{BECF7289-C636-4DBB-89A2-77B05F75CFAE}"
EndProject
Project("{D954291E-2A0B-460D-934E-DC6B0785DB48}") = "TubeServicea", "TubeServicea\TubeServicea\TubeServicea.shproj", "{266B6713-B9A7-4C5B-ADA8-C657F935B81D}"
EndProject
Global
	GlobalSection(SharedMSBuildProjectFiles) = preSolution
		TubeServicea\TubeServicea\TubeServicea.projitems*{266b6713-b9a7-4c5b-ada8-c657f935b81d}*SharedItemsImports = 13
		TubeServicea\TubeServicea\TubeServicea.projitems*{6dd5fe2e-d12d-42e6-a4c8-76fa089aae74}*SharedItemsImports = 4
		TubeServicea\TubeServicea\TubeServicea.projitems*{9601e503-4c4d-4e9d-9147-f49e9e9bf118}*SharedItemsImports = 4
		TubeServicea\TubeServicea\TubeServicea.projitems*{becf7289-c636-4dbb-89a2-77b05f75cfae}*SharedItemsImports = 4
	EndGlobalSection
	GlobalSection(SolutionConfigurationPlatforms) = preSolution
		Ad-Hoc|Any CPU = Ad-Hoc|Any CPU
		Ad-Hoc|ARM = Ad-Hoc|ARM
		Ad-Hoc|iPhone = Ad-Hoc|iPhone
		Ad-Hoc|iPhoneSimulator = Ad-Hoc|iPhoneSimulator
		Ad-Hoc|x64 = Ad-Hoc|x64
		Ad-Hoc|x86 = Ad-Hoc|x86
		AppStore|Any CPU = AppStore|Any CPU
		AppStore|ARM = AppStore|ARM
		AppStore|iPhone = AppStore|iPhone
		AppStore|iPhoneSimulator = AppStore|iPhoneSimulator
		AppStore|x64 = AppStore|x64
		AppStore|x86 = AppStore|x86
		Debug|Any CPU = Debug|Any CPU
		Debug|ARM = Debug|ARM
		Debug|iPhone = Debug|iPhone
		Debug|iPhoneSimulator = Debug|iPhoneSimulator
		Debug|x64 = Debug|x64
		Debug|x86 = Debug|x86
		Release|Any CPU = Release|Any CPU
		Release|ARM = Release|ARM
		Release|iPhone = Release|iPhone
		Release|iPhoneSimulator = Release|iPhoneSimulator
		Release|x64 = Release|x64
		Release|x86 = Release|x86
	EndGlobalSection
	GlobalSection(ProjectConfigurationPlatforms) = postSolution
		{9601E503-4C4D-4E9D-9147-F49E9E9BF118}.Ad-Hoc|Any CPU.ActiveCfg = Release|Any CPU
		{9601E503-4C4D-4E9D-9147-F49E9E9BF118}.Ad-Hoc|Any CPU.Build.0 = Release|Any CPU
		{9601E503-4C4D-4E9D-9147-F49E9E9BF118}.Ad-Hoc|Any CPU.Deploy.0 = Release|Any CPU
		{9601E503-4C4D-4E9D-9147-F49E9E9BF118}.Ad-Hoc|ARM.ActiveCfg = Release|Any CPU
		{9601E503-4C4D-4E9D-9147-F49E9E9BF118}.Ad-Hoc|ARM.Build.0 = Release|Any CPU
		{9601E503-4C4D-4E9D-9147-F49E9E9BF118}.Ad-Hoc|ARM.Deploy.0 = Release|Any CPU
		{9601E503-4C4D-4E9D-9147-F49E9E9BF118}.Ad-Hoc|iPhone.ActiveCfg = Release|Any CPU
		{9601E503-4C4D-4E9D-9147-F49E9E9BF118}.Ad-Hoc|iPhone.Build.0 = Release|Any CPU
		{9601E503-4C4D-4E9D-9147-F49E9E9BF118}.Ad-Hoc|iPhone.Deploy.0 = Release|Any CPU
		{9601E503-4C4D-4E9D-9147-F49E9E9BF118}.Ad-Hoc|iPhoneSimulator.ActiveCfg = Release|Any CPU
		{9601E503-4C4D-4E9D-9147-F49E9E9BF118}.Ad-Hoc|iPhoneSimulator.Build.0 = Release|Any CPU
		{9601E503-4C4D-4E9D-9147-F49E9E9BF118}.Ad-Hoc|iPhoneSimulator.Deploy.0 = Release|Any CPU
		{9601E503-4C4D-4E9D-9147-F49E9E9BF118}.Ad-Hoc|x64.ActiveCfg = Release|Any CPU
		{9601E503-4C4D-4E9D-9147-F49E9E9BF118}.Ad-Hoc|x64.Build.0 = Release|Any CPU
		{9601E503-4C4D-4E9D-9147-F49E9E9BF118}.Ad-Hoc|x64.Deploy.0 = Release|Any CPU
		{9601E503-4C4D-4E9D-9147-F49E9E9BF118}.Ad-Hoc|x86.ActiveCfg = Release|Any CPU
		{9601E503-4C4D-4E9D-9147-F49E9E9BF118}.Ad-Hoc|x86.Build.0 = Release|Any CPU
		{9601E503-4C4D-4E9D-9147-F49E9E9BF118}.Ad-Hoc|x86.Deploy.0 = Release|Any CPU
		{9601E503-4C4D-4E9D-9147-F49E9E9BF118}.AppStore|Any CPU.ActiveCfg = Release|Any CPU
		{9601E503-4C4D-4E9D-9147-F49E9E9BF118}.AppStore|Any CPU.Build.0 = Release|Any CPU
		{9601E503-4C4D-4E9D-9147-F49E9E9BF118}.AppStore|Any CPU.Deploy.0 = Release|Any CPU
		{9601E503-4C4D-4E9D-9147-F49E9E9BF118}.AppStore|ARM.ActiveCfg = Release|Any CPU
		{9601E503-4C4D-4E9D-9147-F49E9E9BF118}.AppStore|ARM.Build.0 = Release|Any CPU
		{9601E503-4C4D-4E9D-9147-F49E9E9BF118}.AppStore|ARM.Deploy.0 = Release|Any CPU
		{9601E503-4C4D-4E9D-9147-F49E9E9BF118}.AppStore|iPhone.ActiveCfg = Release|Any CPU
		{9601E503-4C4D-4E9D-9147-F49E9E9BF118}.AppStore|iPhone.Build.0 = Release|Any CPU
		{9601E503-4C4D-4E9D-9147-F49E9E9BF118}.AppStore|iPhone.Deploy.0 = Release|Any CPU
		{9601E503-4C4D-4E9D-9147-F49E9E9BF118}.AppStore|iPhoneSimulator.ActiveCfg = Release|Any CPU
		{9601E503-4C4D-4E9D-9147-F49E9E9BF118}.AppStore|iPhoneSimulator.Build.0 = Release|Any CPU
		{9601E503-4C4D-4E9D-9147-F49E9E9BF118}.AppStore|iPhoneSimulator.Deploy.0 = Release|Any CPU
		{9601E503-4C4D-4E9D-9147-F49E9E9BF118}.AppStore|x64.ActiveCfg = Release|Any CPU
		{9601E503-4C4D-4E9D-9147-F49E9E9BF118}.AppStore|x64.Build.0 = Release|Any CPU
		{9601E503-4C4D-4E9D-9147-F49E9E9BF118}.AppStore|x64.Deploy.0 = Release|Any CPU
		{9601E503-4C4D-4E9D-9147-F49E9E9BF118}.AppStore|x86.ActiveCfg = Release|Any CPU
		{9601E503-4C4D-4E9D-9147-F49E9E9BF118}.AppStore|x86.Build.0 = Release|Any CPU
		{9601E503-4C4D-4E9D-9147-F49E9E9BF118}.AppStore|x86.Deploy.0 = Release|Any CPU
		{9601E503-4C4D-4E9D-9147-F49E9E9BF118}.Debug|Any CPU.ActiveCfg = Debug|Any CPU
		{9601E503-4C4D-4E9D-9147-F49E9E9BF118}.Debug|Any CPU.Build.0 = Debug|Any CPU
		{9601E503-4C4D-4E9D-9147-F49E9E9BF118}.Debug|Any CPU.Deploy.0 = Debug|Any CPU
		{9601E503-4C4D-4E9D-9147-F49E9E9BF118}.Debug|ARM.ActiveCfg = Debug|Any CPU
		{9601E503-4C4D-4E9D-9147-F49E9E9BF118}.Debug|ARM.Build.0 = Debug|Any CPU
		{9601E503-4C4D-4E9D-9147-F49E9E9BF118}.Debug|ARM.Deploy.0 = Debug|Any CPU
		{9601E503-4C4D-4E9D-9147-F49E9E9BF118}.Debug|iPhone.ActiveCfg = Debug|Any CPU
		{9601E503-4C4D-4E9D-9147-F49E9E9BF118}.Debug|iPhone.Build.0 = Debug|Any CPU
		{9601E503-4C4D-4E9D-9147-F49E9E9BF118}.Debug|iPhone.Deploy.0 = Debug|Any CPU
		{9601E503-4C4D-4E9D-9147-F49E9E9BF118}.Debug|iPhoneSimulator.ActiveCfg = Debug|Any CPU
		{9601E503-4C4D-4E9D-9147-F49E9E9BF118}.Debug|iPhoneSimulator.Build.0 = Debug|Any CPU
		{9601E503-4C4D-4E9D-9147-F49E9E9BF118}.Debug|iPhoneSimulator.Deploy.0 = Debug|Any CPU
		{9601E503-4C4D-4E9D-9147-F49E9E9BF118}.Debug|x64.ActiveCfg = Debug|Any CPU
		{9601E503-4C4D-4E9D-9147-F49E9E9BF118}.Debug|x64.Build.0 = Debug|Any CPU
		{9601E503-4C4D-4E9D-9147-F49E9E9BF118}.Debug|x64.Deploy.0 = Debug|Any CPU
		{9601E503-4C4D-4E9D-9147-F49E9E9BF118}.Debug|x86.ActiveCfg = Debug|Any CPU
		{9601E503-4C4D-4E9D-9147-F49E9E9BF118}.Debug|x86.Build.0 = Debug|Any CPU
		{9601E503-4C4D-4E9D-9147-F49E9E9BF118}.Debug|x86.Deploy.0 = Debug|Any CPU
		{9601E503-4C4D-4E9D-9147-F49E9E9BF118}.Release|Any CPU.ActiveCfg = Release|Any CPU
		{9601E503-4C4D-4E9D-9147-F49E9E9BF118}.Release|Any CPU.Build.0 = Release|Any CPU
		{9601E503-4C4D-4E9D-9147-F49E9E9BF118}.Release|Any CPU.Deploy.0 = Release|Any CPU
		{9601E503-4C4D-4E9D-9147-F49E9E9BF118}.Release|ARM.ActiveCfg = Release|Any CPU
		{9601E503-4C4D-4E9D-9147-F49E9E9BF118}.Release|ARM.Build.0 = Release|Any CPU
		{9601E503-4C4D-4E9D-9147-F49E9E9BF118}.Release|ARM.Deploy.0 = Release|Any CPU
		{9601E503-4C4D-4E9D-9147-F49E9E9BF118}.Release|iPhone.ActiveCfg = Release|Any CPU
		{9601E503-4C4D-4E9D-9147-F49E9E9BF118}.Release|iPhone.Build.0 = Release|Any CPU
		{9601E503-4C4D-4E9D-9147-F49E9E9BF118}.Release|iPhone.Deploy.0 = Release|Any CPU
		{9601E503-4C4D-4E9D-9147-F49E9E9BF118}.Release|iPhoneSimulator.ActiveCfg = Release|Any CPU
		{9601E503-4C4D-4E9D-9147-F49E9E9BF118}.Release|iPhoneSimulator.Build.0 = Release|Any CPU
		{9601E503-4C4D-4E9D-9147-F49E9E9BF118}.Release|iPhoneSimulator.Deploy.0 = Release|Any CPU
		{9601E503-4C4D-4E9D-9147-F49E9E9BF118}.Release|x64.ActiveCfg = Release|Any CPU
		{9601E503-4C4D-4E9D-9147-F49E9E9BF118}.Release|x64.Build.0 = Release|Any CPU
		{9601E503-4C4D-4E9D-9147-F49E9E9BF118}.Release|x64.Deploy.0 = Release|Any CPU
		{9601E503-4C4D-4E9D-9147-F49E9E9BF118}.Release|x86.ActiveCfg = Release|Any CPU
		{9601E503-4C4D-4E9D-9147-F49E9E9BF118}.Release|x86.Build.0 = Release|Any CPU
		{9601E503-4C4D-4E9D-9147-F49E9E9BF118}.Release|x86.Deploy.0 = Release|Any CPU
		{6DD5FE2E-D12D-42E6-A4C8-76FA089AAE74}.Ad-Hoc|Any CPU.ActiveCfg = Ad-Hoc|iPhone
		{6DD5FE2E-D12D-42E6-A4C8-76FA089AAE74}.Ad-Hoc|Any CPU.Build.0 = Ad-Hoc|iPhone
		{6DD5FE2E-D12D-42E6-A4C8-76FA089AAE74}.Ad-Hoc|Any CPU.Deploy.0 = Ad-Hoc|iPhone
		{6DD5FE2E-D12D-42E6-A4C8-76FA089AAE74}.Ad-Hoc|ARM.ActiveCfg = Ad-Hoc|iPhone
		{6DD5FE2E-D12D-42E6-A4C8-76FA089AAE74}.Ad-Hoc|ARM.Build.0 = Ad-Hoc|iPhone
		{6DD5FE2E-D12D-42E6-A4C8-76FA089AAE74}.Ad-Hoc|ARM.Deploy.0 = Ad-Hoc|iPhone
		{6DD5FE2E-D12D-42E6-A4C8-76FA089AAE74}.Ad-Hoc|iPhone.ActiveCfg = Ad-Hoc|iPhone
		{6DD5FE2E-D12D-42E6-A4C8-76FA089AAE74}.Ad-Hoc|iPhone.Build.0 = Ad-Hoc|iPhone
		{6DD5FE2E-D12D-42E6-A4C8-76FA089AAE74}.Ad-Hoc|iPhone.Deploy.0 = Ad-Hoc|iPhone
		{6DD5FE2E-D12D-42E6-A4C8-76FA089AAE74}.Ad-Hoc|iPhoneSimulator.ActiveCfg = Ad-Hoc|iPhoneSimulator
		{6DD5FE2E-D12D-42E6-A4C8-76FA089AAE74}.Ad-Hoc|iPhoneSimulator.Build.0 = Ad-Hoc|iPhoneSimulator
		{6DD5FE2E-D12D-42E6-A4C8-76FA089AAE74}.Ad-Hoc|iPhoneSimulator.Deploy.0 = Ad-Hoc|iPhoneSimulator
		{6DD5FE2E-D12D-42E6-A4C8-76FA089AAE74}.Ad-Hoc|x64.ActiveCfg = Ad-Hoc|iPhone
		{6DD5FE2E-D12D-42E6-A4C8-76FA089AAE74}.Ad-Hoc|x64.Build.0 = Ad-Hoc|iPhone
		{6DD5FE2E-D12D-42E6-A4C8-76FA089AAE74}.Ad-Hoc|x64.Deploy.0 = Ad-Hoc|iPhone
		{6DD5FE2E-D12D-42E6-A4C8-76FA089AAE74}.Ad-Hoc|x86.ActiveCfg = Ad-Hoc|iPhone
		{6DD5FE2E-D12D-42E6-A4C8-76FA089AAE74}.Ad-Hoc|x86.Build.0 = Ad-Hoc|iPhone
		{6DD5FE2E-D12D-42E6-A4C8-76FA089AAE74}.Ad-Hoc|x86.Deploy.0 = Ad-Hoc|iPhone
		{6DD5FE2E-D12D-42E6-A4C8-76FA089AAE74}.AppStore|Any CPU.ActiveCfg = AppStore|iPhone
		{6DD5FE2E-D12D-42E6-A4C8-76FA089AAE74}.AppStore|Any CPU.Build.0 = AppStore|iPhone
		{6DD5FE2E-D12D-42E6-A4C8-76FA089AAE74}.AppStore|Any CPU.Deploy.0 = AppStore|iPhone
		{6DD5FE2E-D12D-42E6-A4C8-76FA089AAE74}.AppStore|ARM.ActiveCfg = AppStore|iPhone
		{6DD5FE2E-D12D-42E6-A4C8-76FA089AAE74}.AppStore|ARM.Build.0 = AppStore|iPhone
		{6DD5FE2E-D12D-42E6-A4C8-76FA089AAE74}.AppStore|ARM.Deploy.0 = AppStore|iPhone
		{6DD5FE2E-D12D-42E6-A4C8-76FA089AAE74}.AppStore|iPhone.ActiveCfg = AppStore|iPhone
		{6DD5FE2E-D12D-42E6-A4C8-76FA089AAE74}.AppStore|iPhone.Build.0 = AppStore|iPhone
		{6DD5FE2E-D12D-42E6-A4C8-76FA089AAE74}.AppStore|iPhone.Deploy.0 = AppStore|iPhone
		{6DD5FE2E-D12D-42E6-A4C8-76FA089AAE74}.AppStore|iPhoneSimulator.ActiveCfg = AppStore|iPhoneSimulator
		{6DD5FE2E-D12D-42E6-A4C8-76FA089AAE74}.AppStore|iPhoneSimulator.Build.0 = AppStore|iPhoneSimulator
		{6DD5FE2E-D12D-42E6-A4C8-76FA089AAE74}.AppStore|iPhoneSimulator.Deploy.0 = AppStore|iPhoneSimulator
		{6DD5FE2E-D12D-42E6-A4C8-76FA089AAE74}.AppStore|x64.ActiveCfg = AppStore|iPhone
		{6DD5FE2E-D12D-42E6-A4C8-76FA089AAE74}.AppStore|x64.Build.0 = AppStore|iPhone
		{6DD5FE2E-D12D-42E6-A4C8-76FA089AAE74}.AppStore|x64.Deploy.0 = AppStore|iPhone
		{6DD5FE2E-D12D-42E6-A4C8-76FA089AAE74}.AppStore|x86.ActiveCfg = AppStore|iPhone
		{6DD5FE2E-D12D-42E6-A4C8-76FA089AAE74}.AppStore|x86.Build.0 = AppStore|iPhone
		{6DD5FE2E-D12D-42E6-A4C8-76FA089AAE74}.AppStore|x86.Deploy.0 = AppStore|iPhone
		{6DD5FE2E-D12D-42E6-A4C8-76FA089AAE74}.Debug|Any CPU.ActiveCfg = Debug|iPhoneSimulator
		{6DD5FE2E-D12D-42E6-A4C8-76FA089AAE74}.Debug|Any CPU.Build.0 = Debug|iPhoneSimulator
		{6DD5FE2E-D12D-42E6-A4C8-76FA089AAE74}.Debug|Any CPU.Deploy.0 = Debug|iPhoneSimulator
		{6DD5FE2E-D12D-42E6-A4C8-76FA089AAE74}.Debug|ARM.ActiveCfg = Debug|iPhone
		{6DD5FE2E-D12D-42E6-A4C8-76FA089AAE74}.Debug|ARM.Build.0 = Debug|iPhone
		{6DD5FE2E-D12D-42E6-A4C8-76FA089AAE74}.Debug|ARM.Deploy.0 = Debug|iPhone
		{6DD5FE2E-D12D-42E6-A4C8-76FA089AAE74}.Debug|iPhone.ActiveCfg = Debug|iPhone
		{6DD5FE2E-D12D-42E6-A4C8-76FA089AAE74}.Debug|iPhone.Build.0 = Debug|iPhone
		{6DD5FE2E-D12D-42E6-A4C8-76FA089AAE74}.Debug|iPhone.Deploy.0 = Debug|iPhone
		{6DD5FE2E-D12D-42E6-A4C8-76FA089AAE74}.Debug|iPhoneSimulator.ActiveCfg = Debug|iPhoneSimulator
		{6DD5FE2E-D12D-42E6-A4C8-76FA089AAE74}.Debug|iPhoneSimulator.Build.0 = Debug|iPhoneSimulator
		{6DD5FE2E-D12D-42E6-A4C8-76FA089AAE74}.Debug|iPhoneSimulator.Deploy.0 = Debug|iPhoneSimulator
		{6DD5FE2E-D12D-42E6-A4C8-76FA089AAE74}.Debug|x64.ActiveCfg = Debug|iPhone
		{6DD5FE2E-D12D-42E6-A4C8-76FA089AAE74}.Debug|x64.Build.0 = Debug|iPhone
		{6DD5FE2E-D12D-42E6-A4C8-76FA089AAE74}.Debug|x64.Deploy.0 = Debug|iPhone
		{6DD5FE2E-D12D-42E6-A4C8-76FA089AAE74}.Debug|x86.ActiveCfg = Debug|iPhone
		{6DD5FE2E-D12D-42E6-A4C8-76FA089AAE74}.Debug|x86.Build.0 = Debug|iPhone
		{6DD5FE2E-D12D-42E6-A4C8-76FA089AAE74}.Debug|x86.Deploy.0 = Debug|iPhone
		{6DD5FE2E-D12D-42E6-A4C8-76FA089AAE74}.Release|Any CPU.ActiveCfg = Release|iPhone
		{6DD5FE2E-D12D-42E6-A4C8-76FA089AAE74}.Release|Any CPU.Build.0 = Release|iPhone
		{6DD5FE2E-D12D-42E6-A4C8-76FA089AAE74}.Release|Any CPU.Deploy.0 = Release|iPhone
		{6DD5FE2E-D12D-42E6-A4C8-76FA089AAE74}.Release|ARM.ActiveCfg = Release|iPhone
		{6DD5FE2E-D12D-42E6-A4C8-76FA089AAE74}.Release|ARM.Build.0 = Release|iPhone
		{6DD5FE2E-D12D-42E6-A4C8-76FA089AAE74}.Release|ARM.Deploy.0 = Release|iPhone
		{6DD5FE2E-D12D-42E6-A4C8-76FA089AAE74}.Release|iPhone.ActiveCfg = Release|iPhone
		{6DD5FE2E-D12D-42E6-A4C8-76FA089AAE74}.Release|iPhone.Build.0 = Release|iPhone
		{6DD5FE2E-D12D-42E6-A4C8-76FA089AAE74}.Release|iPhone.Deploy.0 = Release|iPhone
		{6DD5FE2E-D12D-42E6-A4C8-76FA089AAE74}.Release|iPhoneSimulator.ActiveCfg = Release|iPhoneSimulator
		{6DD5FE2E-D12D-42E6-A4C8-76FA089AAE74}.Release|iPhoneSimulator.Build.0 = Release|iPhoneSimulator
		{6DD5FE2E-D12D-42E6-A4C8-76FA089AAE74}.Release|iPhoneSimulator.Deploy.0 = Release|iPhoneSimulator
		{6DD5FE2E-D12D-42E6-A4C8-76FA089AAE74}.Release|x64.ActiveCfg = Release|iPhone
		{6DD5FE2E-D12D-42E6-A4C8-76FA089AAE74}.Release|x64.Build.0 = Release|iPhone
		{6DD5FE2E-D12D-42E6-A4C8-76FA089AAE74}.Release|x64.Deploy.0 = Release|iPhone
		{6DD5FE2E-D12D-42E6-A4C8-76FA089AAE74}.Release|x86.ActiveCfg = Release|iPhone
		{6DD5FE2E-D12D-42E6-A4C8-76FA089AAE74}.Release|x86.Build.0 = Release|iPhone
		{6DD5FE2E-D12D-42E6-A4C8-76FA089AAE74}.Release|x86.Deploy.0 = Release|iPhone
		{BECF7289-C636-4DBB-89A2-77B05F75CFAE}.Ad-Hoc|Any CPU.ActiveCfg = Release|x86
		{BECF7289-C636-4DBB-89A2-77B05F75CFAE}.Ad-Hoc|Any CPU.Build.0 = Release|x86
		{BECF7289-C636-4DBB-89A2-77B05F75CFAE}.Ad-Hoc|Any CPU.Deploy.0 = Release|x86
		{BECF7289-C636-4DBB-89A2-77B05F75CFAE}.Ad-Hoc|ARM.ActiveCfg = Release|ARM
		{BECF7289-C636-4DBB-89A2-77B05F75CFAE}.Ad-Hoc|ARM.Build.0 = Release|ARM
		{BECF7289-C636-4DBB-89A2-77B05F75CFAE}.Ad-Hoc|ARM.Deploy.0 = Release|ARM
		{BECF7289-C636-4DBB-89A2-77B05F75CFAE}.Ad-Hoc|iPhone.ActiveCfg = Release|x86
		{BECF7289-C636-4DBB-89A2-77B05F75CFAE}.Ad-Hoc|iPhone.Build.0 = Release|x86
		{BECF7289-C636-4DBB-89A2-77B05F75CFAE}.Ad-Hoc|iPhone.Deploy.0 = Release|x86
		{BECF7289-C636-4DBB-89A2-77B05F75CFAE}.Ad-Hoc|iPhoneSimulator.ActiveCfg = Release|x86
		{BECF7289-C636-4DBB-89A2-77B05F75CFAE}.Ad-Hoc|iPhoneSimulator.Build.0 = Release|x86
		{BECF7289-C636-4DBB-89A2-77B05F75CFAE}.Ad-Hoc|iPhoneSimulator.Deploy.0 = Release|x86
		{BECF7289-C636-4DBB-89A2-77B05F75CFAE}.Ad-Hoc|x64.ActiveCfg = Release|x64
		{BECF7289-C636-4DBB-89A2-77B05F75CFAE}.Ad-Hoc|x64.Build.0 = Release|x64
		{BECF7289-C636-4DBB-89A2-77B05F75CFAE}.Ad-Hoc|x64.Deploy.0 = Release|x64
		{BECF7289-C636-4DBB-89A2-77B05F75CFAE}.Ad-Hoc|x86.ActiveCfg = Release|x86
		{BECF7289-C636-4DBB-89A2-77B05F75CFAE}.Ad-Hoc|x86.Build.0 = Release|x86
		{BECF7289-C636-4DBB-89A2-77B05F75CFAE}.Ad-Hoc|x86.Deploy.0 = Release|x86
		{BECF7289-C636-4DBB-89A2-77B05F75CFAE}.AppStore|Any CPU.ActiveCfg = Release|x86
		{BECF7289-C636-4DBB-89A2-77B05F75CFAE}.AppStore|Any CPU.Build.0 = Release|x86
		{BECF7289-C636-4DBB-89A2-77B05F75CFAE}.AppStore|Any CPU.Deploy.0 = Release|x86
		{BECF7289-C636-4DBB-89A2-77B05F75CFAE}.AppStore|ARM.ActiveCfg = Release|ARM
		{BECF7289-C636-4DBB-89A2-77B05F75CFAE}.AppStore|ARM.Build.0 = Release|ARM
		{BECF7289-C636-4DBB-89A2-77B05F75CFAE}.AppStore|ARM.Deploy.0 = Release|ARM
		{BECF7289-C636-4DBB-89A2-77B05F75CFAE}.AppStore|iPhone.ActiveCfg = Release|x86
		{BECF7289-C636-4DBB-89A2-77B05F75CFAE}.AppStore|iPhone.Build.0 = Release|x86
		{BECF7289-C636-4DBB-89A2-77B05F75CFAE}.AppStore|iPhone.Deploy.0 = Release|x86
		{BECF7289-C636-4DBB-89A2-77B05F75CFAE}.AppStore|iPhoneSimulator.ActiveCfg = Release|x86
		{BECF7289-C636-4DBB-89A2-77B05F75CFAE}.AppStore|iPhoneSimulator.Build.0 = Release|x86
		{BECF7289-C636-4DBB-89A2-77B05F75CFAE}.AppStore|iPhoneSimulator.Deploy.0 = Release|x86
		{BECF7289-C636-4DBB-89A2-77B05F75CFAE}.AppStore|x64.ActiveCfg = Release|x64
		{BECF7289-C636-4DBB-89A2-77B05F75CFAE}.AppStore|x64.Build.0 = Release|x64
		{BECF7289-C636-4DBB-89A2-77B05F75CFAE}.AppStore|x64.Deploy.0 = Release|x64
		{BECF7289-C636-4DBB-89A2-77B05F75CFAE}.AppStore|x86.ActiveCfg = Release|x86
		{BECF7289-C636-4DBB-89A2-77B05F75CFAE}.AppStore|x86.Build.0 = Release|x86
		{BECF7289-C636-4DBB-89A2-77B05F75CFAE}.AppStore|x86.Deploy.0 = Release|x86
		{BECF7289-C636-4DBB-89A2-77B05F75CFAE}.Debug|Any CPU.ActiveCfg = Debug|x86
		{BECF7289-C636-4DBB-89A2-77B05F75CFAE}.Debug|Any CPU.Build.0 = Debug|x86
		{BECF7289-C636-4DBB-89A2-77B05F75CFAE}.Debug|Any CPU.Deploy.0 = Debug|x86
		{BECF7289-C636-4DBB-89A2-77B05F75CFAE}.Debug|ARM.ActiveCfg = Debug|ARM
		{BECF7289-C636-4DBB-89A2-77B05F75CFAE}.Debug|ARM.Build.0 = Debug|ARM
		{BECF7289-C636-4DBB-89A2-77B05F75CFAE}.Debug|ARM.Deploy.0 = Debug|ARM
		{BECF7289-C636-4DBB-89A2-77B05F75CFAE}.Debug|iPhone.ActiveCfg = Debug|x86
		{BECF7289-C636-4DBB-89A2-77B05F75CFAE}.Debug|iPhone.Build.0 = Debug|x86
		{BECF7289-C636-4DBB-89A2-77B05F75CFAE}.Debug|iPhone.Deploy.0 = Debug|x86
		{BECF7289-C636-4DBB-89A2-77B05F75CFAE}.Debug|iPhoneSimulator.ActiveCfg = Debug|x86
		{BECF7289-C636-4DBB-89A2-77B05F75CFAE}.Debug|iPhoneSimulator.Build.0 = Debug|x86
		{BECF7289-C636-4DBB-89A2-77B05F75CFAE}.Debug|iPhoneSimulator.Deploy.0 = Debug|x86
		{BECF7289-C636-4DBB-89A2-77B05F75CFAE}.Debug|x64.ActiveCfg = Debug|x64
		{BECF7289-C636-4DBB-89A2-77B05F75CFAE}.Debug|x64.Build.0 = Debug|x64
		{BECF7289-C636-4DBB-89A2-77B05F75CFAE}.Debug|x64.Deploy.0 = Debug|x64
		{BECF7289-C636-4DBB-89A2-77B05F75CFAE}.Debug|x86.ActiveCfg = Debug|x86
		{BECF7289-C636-4DBB-89A2-77B05F75CFAE}.Debug|x86.Build.0 = Debug|x86
		{BECF7289-C636-4DBB-89A2-77B05F75CFAE}.Debug|x86.Deploy.0 = Debug|x86
		{BECF7289-C636-4DBB-89A2-77B05F75CFAE}.Release|Any CPU.ActiveCfg = Release|x86
		{BECF7289-C636-4DBB-89A2-77B05F75CFAE}.Release|Any CPU.Build.0 = Release|x86
		{BECF7289-C636-4DBB-89A2-77B05F75CFAE}.Release|Any CPU.Deploy.0 = Release|x86
		{BECF7289-C636-4DBB-89A2-77B05F75CFAE}.Release|ARM.ActiveCfg = Release|ARM
		{BECF7289-C636-4DBB-89A2-77B05F75CFAE}.Release|ARM.Build.0 = Release|ARM
		{BECF7289-C636-4DBB-89A2-77B05F75CFAE}.Release|ARM.Deploy.0 = Release|ARM
		{BECF7289-C636-4DBB-89A2-77B05F75CFAE}.Release|iPhone.ActiveCfg = Release|x86
		{BECF7289-C636-4DBB-89A2-77B05F75CFAE}.Release|iPhone.Build.0 = Release|x86
		{BECF7289-C636-4DBB-89A2-77B05F75CFAE}.Release|iPhone.Deploy.0 = Release|x86
		{BECF7289-C636-4DBB-89A2-77B05F75CFAE}.Release|iPhoneSimulator.ActiveCfg = Release|x86
		{BECF7289-C636-4DBB-89A2-77B05F75CFAE}.Release|iPhoneSimulator.Build.0 = Release|x86
		{BECF7289-C636-4DBB-89A2-77B05F75CFAE}.Release|iPhoneSimulator.Deploy.0 = Release|x86
		{BECF7289-C636-4DBB-89A2-77B05F75CFAE}.Release|x64.ActiveCfg = Release|x64
		{BECF7289-C636-4DBB-89A2-77B05F75CFAE}.Release|x64.Build.0 = Release|x64
		{BECF7289-C636-4DBB-89A2-77B05F75CFAE}.Release|x64.Deploy.0 = Release|x64
		{BECF7289-C636-4DBB-89A2-77B05F75CFAE}.Release|x86.ActiveCfg = Release|x86
		{BECF7289-C636-4DBB-89A2-77B05F75CFAE}.Release|x86.Build.0 = Release|x86
		{BECF7289-C636-4DBB-89A2-77B05F75CFAE}.Release|x86.Deploy.0 = Release|x86
	EndGlobalSection
	GlobalSection(SolutionProperties) = preSolution
		HideSolutionNode = FALSE
	EndGlobalSection
	GlobalSection(ExtensibilityGlobals) = postSolution
		SolutionGuid = {E2EB3747-CD7F-4454-B6C8-7C9213F285D9}
	EndGlobalSection
EndGlobal
